// !$*UTF8*$!
{
	archiveVersion = 1;
	classes = {
	};
	objectVersion = 56;
	objects = {

/* Begin PBXBuildFile section */
		2ECD3DAB295108CB005BD058 /* AppDelegate.swift in Sources */ = {isa = PBXBuildFile; fileRef = 2ECD3DAA295108CB005BD058 /* AppDelegate.swift */; };
		2ECD3DAD295108CB005BD058 /* SceneDelegate.swift in Sources */ = {isa = PBXBuildFile; fileRef = 2ECD3DAC295108CB005BD058 /* SceneDelegate.swift */; };
		2ECD3DAF295108CB005BD058 /* ViewController.swift in Sources */ = {isa = PBXBuildFile; fileRef = 2ECD3DAE295108CB005BD058 /* ViewController.swift */; };
		2ECD3DB2295108CB005BD058 /* Main.storyboard in Resources */ = {isa = PBXBuildFile; fileRef = 2ECD3DB0295108CB005BD058 /* Main.storyboard */; };
		2ECD3DB4295108CC005BD058 /* Assets.xcassets in Resources */ = {isa = PBXBuildFile; fileRef = 2ECD3DB3295108CC005BD058 /* Assets.xcassets */; };
		2ECD3DB7295108CC005BD058 /* LaunchScreen.storyboard in Resources */ = {isa = PBXBuildFile; fileRef = 2ECD3DB5295108CC005BD058 /* LaunchScreen.storyboard */; };
		2ECD3DC2295108CC005BD058 /* bitrise_demoTests.swift in Sources */ = {isa = PBXBuildFile; fileRef = 2ECD3DC1295108CC005BD058 /* bitrise_demoTests.swift */; };
		2ECD3DCC295108CC005BD058 /* bitrise_demoUITests.swift in Sources */ = {isa = PBXBuildFile; fileRef = 2ECD3DCB295108CC005BD058 /* bitrise_demoUITests.swift */; };
		2ECD3DCE295108CC005BD058 /* bitrise_demoUITestsLaunchTests.swift in Sources */ = {isa = PBXBuildFile; fileRef = 2ECD3DCD295108CC005BD058 /* bitrise_demoUITestsLaunchTests.swift */; };
/* End PBXBuildFile section */

/* Begin PBXContainerItemProxy section */
		2ECD3DBE295108CC005BD058 /* PBXContainerItemProxy */ = {
			isa = PBXContainerItemProxy;
			containerPortal = 2ECD3D9F295108CB005BD058 /* Project object */;
			proxyType = 1;
			remoteGlobalIDString = 2ECD3DA6295108CB005BD058;
			remoteInfo = "bitrise demo";
		};
		2ECD3DC8295108CC005BD058 /* PBXContainerItemProxy */ = {
			isa = PBXContainerItemProxy;
			containerPortal = 2ECD3D9F295108CB005BD058 /* Project object */;
			proxyType = 1;
			remoteGlobalIDString = 2ECD3DA6295108CB005BD058;
			remoteInfo = "bitrise demo";
		};
/* End PBXContainerItemProxy section */

/* Begin PBXFileReference section */
		2ECD3DA7295108CB005BD058 /* bitrise demo.app */ = {isa = PBXFileReference; explicitFileType = wrapper.application; includeInIndex = 0; path = "bitrise demo.app"; sourceTree = BUILT_PRODUCTS_DIR; };
		2ECD3DAA295108CB005BD058 /* AppDelegate.swift */ = {isa = PBXFileReference; lastKnownFileType = sourcecode.swift; path = AppDelegate.swift; sourceTree = "<group>"; };
		2ECD3DAC295108CB005BD058 /* SceneDelegate.swift */ = {isa = PBXFileReference; lastKnownFileType = sourcecode.swift; path = SceneDelegate.swift; sourceTree = "<group>"; };
		2ECD3DAE295108CB005BD058 /* ViewController.swift */ = {isa = PBXFileReference; lastKnownFileType = sourcecode.swift; path = ViewController.swift; sourceTree = "<group>"; };
		2ECD3DB1295108CB005BD058 /* Base */ = {isa = PBXFileReference; lastKnownFileType = file.storyboard; name = Base; path = Base.lproj/Main.storyboard; sourceTree = "<group>"; };
		2ECD3DB3295108CC005BD058 /* Assets.xcassets */ = {isa = PBXFileReference; lastKnownFileType = folder.assetcatalog; path = Assets.xcassets; sourceTree = "<group>"; };
		2ECD3DB6295108CC005BD058 /* Base */ = {isa = PBXFileReference; lastKnownFileType = file.storyboard; name = Base; path = Base.lproj/LaunchScreen.storyboard; sourceTree = "<group>"; };
		2ECD3DB8295108CC005BD058 /* Info.plist */ = {isa = PBXFileReference; lastKnownFileType = text.plist.xml; path = Info.plist; sourceTree = "<group>"; };
		2ECD3DBD295108CC005BD058 /* bitrise demoTests.xctest */ = {isa = PBXFileReference; explicitFileType = wrapper.cfbundle; includeInIndex = 0; path = "bitrise demoTests.xctest"; sourceTree = BUILT_PRODUCTS_DIR; };
		2ECD3DC1295108CC005BD058 /* bitrise_demoTests.swift */ = {isa = PBXFileReference; lastKnownFileType = sourcecode.swift; path = bitrise_demoTests.swift; sourceTree = "<group>"; };
		2ECD3DC7295108CC005BD058 /* bitrise demoUITests.xctest */ = {isa = PBXFileReference; explicitFileType = wrapper.cfbundle; includeInIndex = 0; path = "bitrise demoUITests.xctest"; sourceTree = BUILT_PRODUCTS_DIR; };
		2ECD3DCB295108CC005BD058 /* bitrise_demoUITests.swift */ = {isa = PBXFileReference; lastKnownFileType = sourcecode.swift; path = bitrise_demoUITests.swift; sourceTree = "<group>"; };
		2ECD3DCD295108CC005BD058 /* bitrise_demoUITestsLaunchTests.swift */ = {isa = PBXFileReference; lastKnownFileType = sourcecode.swift; path = bitrise_demoUITestsLaunchTests.swift; sourceTree = "<group>"; };
/* End PBXFileReference section */

/* Begin PBXFrameworksBuildPhase section */
		2ECD3DA4295108CB005BD058 /* Frameworks */ = {
			isa = PBXFrameworksBuildPhase;
			buildActionMask = 2147483647;
			files = (
			);
			runOnlyForDeploymentPostprocessing = 0;
		};
		2ECD3DBA295108CC005BD058 /* Frameworks */ = {
			isa = PBXFrameworksBuildPhase;
			buildActionMask = 2147483647;
			files = (
			);
			runOnlyForDeploymentPostprocessing = 0;
		};
		2ECD3DC4295108CC005BD058 /* Frameworks */ = {
			isa = PBXFrameworksBuildPhase;
			buildActionMask = 2147483647;
			files = (
			);
			runOnlyForDeploymentPostprocessing = 0;
		};
/* End PBXFrameworksBuildPhase section */

/* Begin PBXGroup section */
		2ECD3D9E295108CB005BD058 = {
			isa = PBXGroup;
			children = (
				2ECD3DA9295108CB005BD058 /* bitrise demo */,
				2ECD3DC0295108CC005BD058 /* bitrise demoTests */,
				2ECD3DCA295108CC005BD058 /* bitrise demoUITests */,
				2ECD3DA8295108CB005BD058 /* Products */,
			);
			sourceTree = "<group>";
		};
		2ECD3DA8295108CB005BD058 /* Products */ = {
			isa = PBXGroup;
			children = (
				2ECD3DA7295108CB005BD058 /* bitrise demo.app */,
				2ECD3DBD295108CC005BD058 /* bitrise demoTests.xctest */,
				2ECD3DC7295108CC005BD058 /* bitrise demoUITests.xctest */,
			);
			name = Products;
			sourceTree = "<group>";
		};
		2ECD3DA9295108CB005BD058 /* bitrise demo */ = {
			isa = PBXGroup;
			children = (
				2ECD3DAA295108CB005BD058 /* AppDelegate.swift */,
				2ECD3DAC295108CB005BD058 /* SceneDelegate.swift */,
				2ECD3DAE295108CB005BD058 /* ViewController.swift */,
				2ECD3DB0295108CB005BD058 /* Main.storyboard */,
				2ECD3DB3295108CC005BD058 /* Assets.xcassets */,
				2ECD3DB5295108CC005BD058 /* LaunchScreen.storyboard */,
				2ECD3DB8295108CC005BD058 /* Info.plist */,
			);
			path = "bitrise demo";
			sourceTree = "<group>";
		};
		2ECD3DC0295108CC005BD058 /* bitrise demoTests */ = {
			isa = PBXGroup;
			children = (
				2ECD3DC1295108CC005BD058 /* bitrise_demoTests.swift */,
			);
			path = "bitrise demoTests";
			sourceTree = "<group>";
		};
		2ECD3DCA295108CC005BD058 /* bitrise demoUITests */ = {
			isa = PBXGroup;
			children = (
				2ECD3DCB295108CC005BD058 /* bitrise_demoUITests.swift */,
				2ECD3DCD295108CC005BD058 /* bitrise_demoUITestsLaunchTests.swift */,
			);
			path = "bitrise demoUITests";
			sourceTree = "<group>";
		};
/* End PBXGroup section */

/* Begin PBXNativeTarget section */
		2ECD3DA6295108CB005BD058 /* bitrise demo */ = {
			isa = PBXNativeTarget;
			buildConfigurationList = 2ECD3DD1295108CC005BD058 /* Build configuration list for PBXNativeTarget "bitrise demo" */;
			buildPhases = (
				2ECD3DA3295108CB005BD058 /* Sources */,
				2ECD3DA4295108CB005BD058 /* Frameworks */,
				2ECD3DA5295108CB005BD058 /* Resources */,
			);
			buildRules = (
			);
			dependencies = (
			);
			name = "bitrise demo";
			productName = "bitrise demo";
			productReference = 2ECD3DA7295108CB005BD058 /* bitrise demo.app */;
			productType = "com.apple.product-type.application";
		};
		2ECD3DBC295108CC005BD058 /* bitrise demoTests */ = {
			isa = PBXNativeTarget;
			buildConfigurationList = 2ECD3DD4295108CC005BD058 /* Build configuration list for PBXNativeTarget "bitrise demoTests" */;
			buildPhases = (
				2ECD3DB9295108CC005BD058 /* Sources */,
				2ECD3DBA295108CC005BD058 /* Frameworks */,
				2ECD3DBB295108CC005BD058 /* Resources */,
			);
			buildRules = (
			);
			dependencies = (
				2ECD3DBF295108CC005BD058 /* PBXTargetDependency */,
			);
			name = "bitrise demoTests";
			productName = "bitrise demoTests";
			productReference = 2ECD3DBD295108CC005BD058 /* bitrise demoTests.xctest */;
			productType = "com.apple.product-type.bundle.unit-test";
		};
		2ECD3DC6295108CC005BD058 /* bitrise demoUITests */ = {
			isa = PBXNativeTarget;
			buildConfigurationList = 2ECD3DD7295108CC005BD058 /* Build configuration list for PBXNativeTarget "bitrise demoUITests" */;
			buildPhases = (
				2ECD3DC3295108CC005BD058 /* Sources */,
				2ECD3DC4295108CC005BD058 /* Frameworks */,
				2ECD3DC5295108CC005BD058 /* Resources */,
			);
			buildRules = (
			);
			dependencies = (
				2ECD3DC9295108CC005BD058 /* PBXTargetDependency */,
			);
			name = "bitrise demoUITests";
			productName = "bitrise demoUITests";
			productReference = 2ECD3DC7295108CC005BD058 /* bitrise demoUITests.xctest */;
			productType = "com.apple.product-type.bundle.ui-testing";
		};
/* End PBXNativeTarget section */

/* Begin PBXProject section */
		2ECD3D9F295108CB005BD058 /* Project object */ = {
			isa = PBXProject;
			attributes = {
				BuildIndependentTargetsInParallel = 1;
				LastSwiftUpdateCheck = 1420;
				LastUpgradeCheck = 1420;
				TargetAttributes = {
					2ECD3DA6295108CB005BD058 = {
						CreatedOnToolsVersion = 14.2;
					};
					2ECD3DBC295108CC005BD058 = {
						CreatedOnToolsVersion = 14.2;
						TestTargetID = 2ECD3DA6295108CB005BD058;
					};
					2ECD3DC6295108CC005BD058 = {
						CreatedOnToolsVersion = 14.2;
						TestTargetID = 2ECD3DA6295108CB005BD058;
					};
				};
			};
			buildConfigurationList = 2ECD3DA2295108CB005BD058 /* Build configuration list for PBXProject "bitrise demo" */;
			compatibilityVersion = "Xcode 14.0";
			developmentRegion = en;
			hasScannedForEncodings = 0;
			knownRegions = (
				en,
				Base,
			);
			mainGroup = 2ECD3D9E295108CB005BD058;
			productRefGroup = 2ECD3DA8295108CB005BD058 /* Products */;
			projectDirPath = "";
			projectRoot = "";
			targets = (
				2ECD3DA6295108CB005BD058 /* bitrise demo */,
				2ECD3DBC295108CC005BD058 /* bitrise demoTests */,
				2ECD3DC6295108CC005BD058 /* bitrise demoUITests */,
			);
		};
/* End PBXProject section */

/* Begin PBXResourcesBuildPhase section */
		2ECD3DA5295108CB005BD058 /* Resources */ = {
			isa = PBXResourcesBuildPhase;
			buildActionMask = 2147483647;
			files = (
				2ECD3DB7295108CC005BD058 /* LaunchScreen.storyboard in Resources */,
				2ECD3DB4295108CC005BD058 /* Assets.xcassets in Resources */,
				2ECD3DB2295108CB005BD058 /* Main.storyboard in Resources */,
			);
			runOnlyForDeploymentPostprocessing = 0;
		};
		2ECD3DBB295108CC005BD058 /* Resources */ = {
			isa = PBXResourcesBuildPhase;
			buildActionMask = 2147483647;
			files = (
			);
			runOnlyForDeploymentPostprocessing = 0;
		};
		2ECD3DC5295108CC005BD058 /* Resources */ = {
			isa = PBXResourcesBuildPhase;
			buildActionMask = 2147483647;
			files = (
			);
			runOnlyForDeploymentPostprocessing = 0;
		};
/* End PBXResourcesBuildPhase section */

/* Begin PBXSourcesBuildPhase section */
		2ECD3DA3295108CB005BD058 /* Sources */ = {
			isa = PBXSourcesBuildPhase;
			buildActionMask = 2147483647;
			files = (
				2ECD3DAF295108CB005BD058 /* ViewController.swift in Sources */,
				2ECD3DAB295108CB005BD058 /* AppDelegate.swift in Sources */,
				2ECD3DAD295108CB005BD058 /* SceneDelegate.swift in Sources */,
			);
			runOnlyForDeploymentPostprocessing = 0;
		};
		2ECD3DB9295108CC005BD058 /* Sources */ = {
			isa = PBXSourcesBuildPhase;
			buildActionMask = 2147483647;
			files = (
				2ECD3DC2295108CC005BD058 /* bitrise_demoTests.swift in Sources */,
			);
			runOnlyForDeploymentPostprocessing = 0;
		};
		2ECD3DC3295108CC005BD058 /* Sources */ = {
			isa = PBXSourcesBuildPhase;
			buildActionMask = 2147483647;
			files = (
				2ECD3DCE295108CC005BD058 /* bitrise_demoUITestsLaunchTests.swift in Sources */,
				2ECD3DCC295108CC005BD058 /* bitrise_demoUITests.swift in Sources */,
			);
			runOnlyForDeploymentPostprocessing = 0;
		};
/* End PBXSourcesBuildPhase section */

/* Begin PBXTargetDependency section */
		2ECD3DBF295108CC005BD058 /* PBXTargetDependency */ = {
			isa = PBXTargetDependency;
			target = 2ECD3DA6295108CB005BD058 /* bitrise demo */;
			targetProxy = 2ECD3DBE295108CC005BD058 /* PBXContainerItemProxy */;
		};
		2ECD3DC9295108CC005BD058 /* PBXTargetDependency */ = {
			isa = PBXTargetDependency;
			target = 2ECD3DA6295108CB005BD058 /* bitrise demo */;
			targetProxy = 2ECD3DC8295108CC005BD058 /* PBXContainerItemProxy */;
		};
/* End PBXTargetDependency section */

/* Begin PBXVariantGroup section */
		2ECD3DB0295108CB005BD058 /* Main.storyboard */ = {
			isa = PBXVariantGroup;
			children = (
				2ECD3DB1295108CB005BD058 /* Base */,
			);
			name = Main.storyboard;
			sourceTree = "<group>";
		};
		2ECD3DB5295108CC005BD058 /* LaunchScreen.storyboard */ = {
			isa = PBXVariantGroup;
			children = (
				2ECD3DB6295108CC005BD058 /* Base */,
			);
			name = LaunchScreen.storyboard;
			sourceTree = "<group>";
		};
/* End PBXVariantGroup section */

/* Begin XCBuildConfiguration section */
		2ECD3DCF295108CC005BD058 /* Debug */ = {
			isa = XCBuildConfiguration;
			buildSettings = {
				ALWAYS_SEARCH_USER_PATHS = NO;
				CLANG_ANALYZER_NONNULL = YES;
				CLANG_ANALYZER_NUMBER_OBJECT_CONVERSION = YES_AGGRESSIVE;
				CLANG_CXX_LANGUAGE_STANDARD = "gnu++20";
				CLANG_ENABLE_MODULES = YES;
				CLANG_ENABLE_OBJC_ARC = YES;
				CLANG_ENABLE_OBJC_WEAK = YES;
				CLANG_WARN_BLOCK_CAPTURE_AUTORELEASING = YES;
				CLANG_WARN_BOOL_CONVERSION = YES;
				CLANG_WARN_COMMA = YES;
				CLANG_WARN_CONSTANT_CONVERSION = YES;
				CLANG_WARN_DEPRECATED_OBJC_IMPLEMENTATIONS = YES;
				CLANG_WARN_DIRECT_OBJC_ISA_USAGE = YES_ERROR;
				CLANG_WARN_DOCUMENTATION_COMMENTS = YES;
				CLANG_WARN_EMPTY_BODY = YES;
				CLANG_WARN_ENUM_CONVERSION = YES;
				CLANG_WARN_INFINITE_RECURSION = YES;
				CLANG_WARN_INT_CONVERSION = YES;
				CLANG_WARN_NON_LITERAL_NULL_CONVERSION = YES;
				CLANG_WARN_OBJC_IMPLICIT_RETAIN_SELF = YES;
				CLANG_WARN_OBJC_LITERAL_CONVERSION = YES;
				CLANG_WARN_OBJC_ROOT_CLASS = YES_ERROR;
				CLANG_WARN_QUOTED_INCLUDE_IN_FRAMEWORK_HEADER = YES;
				CLANG_WARN_RANGE_LOOP_ANALYSIS = YES;
				CLANG_WARN_STRICT_PROTOTYPES = YES;
				CLANG_WARN_SUSPICIOUS_MOVE = YES;
				CLANG_WARN_UNGUARDED_AVAILABILITY = YES_AGGRESSIVE;
				CLANG_WARN_UNREACHABLE_CODE = YES;
				CLANG_WARN__DUPLICATE_METHOD_MATCH = YES;
				COPY_PHASE_STRIP = NO;
				DEBUG_INFORMATION_FORMAT = dwarf;
				ENABLE_STRICT_OBJC_MSGSEND = YES;
				ENABLE_TESTABILITY = YES;
				GCC_C_LANGUAGE_STANDARD = gnu11;
				GCC_DYNAMIC_NO_PIC = NO;
				GCC_NO_COMMON_BLOCKS = YES;
				GCC_OPTIMIZATION_LEVEL = 0;
				GCC_PREPROCESSOR_DEFINITIONS = (
					"DEBUG=1",
					"$(inherited)",
				);
				GCC_WARN_64_TO_32_BIT_CONVERSION = YES;
				GCC_WARN_ABOUT_RETURN_TYPE = YES_ERROR;
				GCC_WARN_UNDECLARED_SELECTOR = YES;
				GCC_WARN_UNINITIALIZED_AUTOS = YES_AGGRESSIVE;
				GCC_WARN_UNUSED_FUNCTION = YES;
				GCC_WARN_UNUSED_VARIABLE = YES;
				IPHONEOS_DEPLOYMENT_TARGET = 16.2;
				MTL_ENABLE_DEBUG_INFO = INCLUDE_SOURCE;
				MTL_FAST_MATH = YES;
				ONLY_ACTIVE_ARCH = YES;
				SDKROOT = iphoneos;
				SWIFT_ACTIVE_COMPILATION_CONDITIONS = DEBUG;
				SWIFT_OPTIMIZATION_LEVEL = "-Onone";
			};
			name = Debug;
		};
		2ECD3DD0295108CC005BD058 /* Release */ = {
			isa = XCBuildConfiguration;
			buildSettings = {
				ALWAYS_SEARCH_USER_PATHS = NO;
				CLANG_ANALYZER_NONNULL = YES;
				CLANG_ANALYZER_NUMBER_OBJECT_CONVERSION = YES_AGGRESSIVE;
				CLANG_CXX_LANGUAGE_STANDARD = "gnu++20";
				CLANG_ENABLE_MODULES = YES;
				CLANG_ENABLE_OBJC_ARC = YES;
				CLANG_ENABLE_OBJC_WEAK = YES;
				CLANG_WARN_BLOCK_CAPTURE_AUTORELEASING = YES;
				CLANG_WARN_BOOL_CONVERSION = YES;
				CLANG_WARN_COMMA = YES;
				CLANG_WARN_CONSTANT_CONVERSION = YES;
				CLANG_WARN_DEPRECATED_OBJC_IMPLEMENTATIONS = YES;
				CLANG_WARN_DIRECT_OBJC_ISA_USAGE = YES_ERROR;
				CLANG_WARN_DOCUMENTATION_COMMENTS = YES;
				CLANG_WARN_EMPTY_BODY = YES;
				CLANG_WARN_ENUM_CONVERSION = YES;
				CLANG_WARN_INFINITE_RECURSION = YES;
				CLANG_WARN_INT_CONVERSION = YES;
				CLANG_WARN_NON_LITERAL_NULL_CONVERSION = YES;
				CLANG_WARN_OBJC_IMPLICIT_RETAIN_SELF = YES;
				CLANG_WARN_OBJC_LITERAL_CONVERSION = YES;
				CLANG_WARN_OBJC_ROOT_CLASS = YES_ERROR;
				CLANG_WARN_QUOTED_INCLUDE_IN_FRAMEWORK_HEADER = YES;
				CLANG_WARN_RANGE_LOOP_ANALYSIS = YES;
				CLANG_WARN_STRICT_PROTOTYPES = YES;
				CLANG_WARN_SUSPICIOUS_MOVE = YES;
				CLANG_WARN_UNGUARDED_AVAILABILITY = YES_AGGRESSIVE;
				CLANG_WARN_UNREACHABLE_CODE = YES;
				CLANG_WARN__DUPLICATE_METHOD_MATCH = YES;
				COPY_PHASE_STRIP = NO;
				DEBUG_INFORMATION_FORMAT = "dwarf-with-dsym";
				ENABLE_NS_ASSERTIONS = NO;
				ENABLE_STRICT_OBJC_MSGSEND = YES;
				GCC_C_LANGUAGE_STANDARD = gnu11;
				GCC_NO_COMMON_BLOCKS = YES;
				GCC_WARN_64_TO_32_BIT_CONVERSION = YES;
				GCC_WARN_ABOUT_RETURN_TYPE = YES_ERROR;
				GCC_WARN_UNDECLARED_SELECTOR = YES;
				GCC_WARN_UNINITIALIZED_AUTOS = YES_AGGRESSIVE;
				GCC_WARN_UNUSED_FUNCTION = YES;
				GCC_WARN_UNUSED_VARIABLE = YES;
				IPHONEOS_DEPLOYMENT_TARGET = 16.2;
				MTL_ENABLE_DEBUG_INFO = NO;
				MTL_FAST_MATH = YES;
				SDKROOT = iphoneos;
				SWIFT_COMPILATION_MODE = wholemodule;
				SWIFT_OPTIMIZATION_LEVEL = "-O";
				VALIDATE_PRODUCT = YES;
			};
			name = Release;
		};
		2ECD3DD2295108CC005BD058 /* Debug */ = {
			isa = XCBuildConfiguration;
			buildSettings = {
				ASSETCATALOG_COMPILER_APPICON_NAME = AppIcon;
				ASSETCATALOG_COMPILER_GLOBAL_ACCENT_COLOR_NAME = AccentColor;
				CODE_SIGN_STYLE = Automatic;
				CURRENT_PROJECT_VERSION = 1;
				GENERATE_INFOPLIST_FILE = YES;
				INFOPLIST_FILE = "bitrise demo/Info.plist";
				INFOPLIST_KEY_UIApplicationSupportsIndirectInputEvents = YES;
				INFOPLIST_KEY_UILaunchStoryboardName = LaunchScreen;
				INFOPLIST_KEY_UIMainStoryboardFile = Main;
				INFOPLIST_KEY_UISupportedInterfaceOrientations_iPad = "UIInterfaceOrientationPortrait UIInterfaceOrientationPortraitUpsideDown UIInterfaceOrientationLandscapeLeft UIInterfaceOrientationLandscapeRight";
				INFOPLIST_KEY_UISupportedInterfaceOrientations_iPhone = "UIInterfaceOrientationPortrait UIInterfaceOrientationLandscapeLeft UIInterfaceOrientationLandscapeRight";
				LD_RUNPATH_SEARCH_PATHS = (
					"$(inherited)",
					"@executable_path/Frameworks",
				);
				MARKETING_VERSION = 1.0;
				PRODUCT_BUNDLE_IDENTIFIER = "com.eugeneduk.bitrise-demo";
				PRODUCT_NAME = "$(TARGET_NAME)";
				SWIFT_EMIT_LOC_STRINGS = YES;
				SWIFT_VERSION = 5.0;
				TARGETED_DEVICE_FAMILY = "1,2";
			};
			name = Debug;
		};
		2ECD3DD3295108CC005BD058 /* Release */ = {
			isa = XCBuildConfiguration;
			buildSettings = {
				ASSETCATALOG_COMPILER_APPICON_NAME = AppIcon;
				ASSETCATALOG_COMPILER_GLOBAL_ACCENT_COLOR_NAME = AccentColor;
				CODE_SIGN_STYLE = Automatic;
				CURRENT_PROJECT_VERSION = 1;
				GENERATE_INFOPLIST_FILE = YES;
				INFOPLIST_FILE = "bitrise demo/Info.plist";
				INFOPLIST_KEY_UIApplicationSupportsIndirectInputEvents = YES;
				INFOPLIST_KEY_UILaunchStoryboardName = LaunchScreen;
				INFOPLIST_KEY_UIMainStoryboardFile = Main;
				INFOPLIST_KEY_UISupportedInterfaceOrientations_iPad = "UIInterfaceOrientationPortrait UIInterfaceOrientationPortraitUpsideDown UIInterfaceOrientationLandscapeLeft UIInterfaceOrientationLandscapeRight";
				INFOPLIST_KEY_UISupportedInterfaceOrientations_iPhone = "UIInterfaceOrientationPortrait UIInterfaceOrientationLandscapeLeft UIInterfaceOrientationLandscapeRight";
				LD_RUNPATH_SEARCH_PATHS = (
					"$(inherited)",
					"@executable_path/Frameworks",
				);
				MARKETING_VERSION = 1.0;
				PRODUCT_BUNDLE_IDENTIFIER = "com.eugeneduk.bitrise-demo";
				PRODUCT_NAME = "$(TARGET_NAME)";
				SWIFT_EMIT_LOC_STRINGS = YES;
				SWIFT_VERSION = 5.0;
				TARGETED_DEVICE_FAMILY = "1,2";
			};
			name = Release;
		};
		2ECD3DD5295108CC005BD058 /* Debug */ = {
			isa = XCBuildConfiguration;
			buildSettings = {
				ALWAYS_EMBED_SWIFT_STANDARD_LIBRARIES = YES;
				BUNDLE_LOADER = "$(TEST_HOST)";
				CODE_SIGN_STYLE = Automatic;
				CURRENT_PROJECT_VERSION = 1;
				GENERATE_INFOPLIST_FILE = YES;
				IPHONEOS_DEPLOYMENT_TARGET = 16.2;
				MARKETING_VERSION = 1.0;
				PRODUCT_BUNDLE_IDENTIFIER = "com.eugeneduk.bitrise-demoTests";
				PRODUCT_NAME = "$(TARGET_NAME)";
				SWIFT_EMIT_LOC_STRINGS = NO;
				SWIFT_VERSION = 5.0;
				TARGETED_DEVICE_FAMILY = "1,2";
				TEST_HOST = "$(BUILT_PRODUCTS_DIR)/bitrise demo.app/$(BUNDLE_EXECUTABLE_FOLDER_PATH)/bitrise demo";
			};
			name = Debug;
		};
		2ECD3DD6295108CC005BD058 /* Release */ = {
			isa = XCBuildConfiguration;
			buildSettings = {
				ALWAYS_EMBED_SWIFT_STANDARD_LIBRARIES = YES;
				BUNDLE_LOADER = "$(TEST_HOST)";
				CODE_SIGN_STYLE = Automatic;
				CURRENT_PROJECT_VERSION = 1;
				GENERATE_INFOPLIST_FILE = YES;
				IPHONEOS_DEPLOYMENT_TARGET = 16.2;
				MARKETING_VERSION = 1.0;
				PRODUCT_BUNDLE_IDENTIFIER = "com.eugeneduk.bitrise-demoTests";
				PRODUCT_NAME = "$(TARGET_NAME)";
				SWIFT_EMIT_LOC_STRINGS = NO;
				SWIFT_VERSION = 5.0;
				TARGETED_DEVICE_FAMILY = "1,2";
				TEST_HOST = "$(BUILT_PRODUCTS_DIR)/bitrise demo.app/$(BUNDLE_EXECUTABLE_FOLDER_PATH)/bitrise demo";
			};
			name = Release;
		};
		2ECD3DD8295108CC005BD058 /* Debug */ = {
			isa = XCBuildConfiguration;
			buildSettings = {
				ALWAYS_EMBED_SWIFT_STANDARD_LIBRARIES = YES;
				CODE_SIGN_STYLE = Automatic;
				CURRENT_PROJECT_VERSION = 1;
				GENERATE_INFOPLIST_FILE = YES;
				MARKETING_VERSION = 1.0;
				PRODUCT_BUNDLE_IDENTIFIER = "com.eugeneduk.bitrise-demoUITests";
				PRODUCT_NAME = "$(TARGET_NAME)";
				SWIFT_EMIT_LOC_STRINGS = NO;
				SWIFT_VERSION = 5.0;
				TARGETED_DEVICE_FAMILY = "1,2";
				TEST_TARGET_NAME = "bitrise demo";
			};
			name = Debug;
		};
		2ECD3DD9295108CC005BD058 /* Release */ = {
			isa = XCBuildConfiguration;
			buildSettings = {
				ALWAYS_EMBED_SWIFT_STANDARD_LIBRARIES = YES;
				CODE_SIGN_STYLE = Automatic;
				CURRENT_PROJECT_VERSION = 1;
				GENERATE_INFOPLIST_FILE = YES;
				MARKETING_VERSION = 1.0;
				PRODUCT_BUNDLE_IDENTIFIER = "com.eugeneduk.bitrise-demoUITests";
				PRODUCT_NAME = "$(TARGET_NAME)";
				SWIFT_EMIT_LOC_STRINGS = NO;
				SWIFT_VERSION = 5.0;
				TARGETED_DEVICE_FAMILY = "1,2";
				TEST_TARGET_NAME = "bitrise demo";
			};
			name = Release;
		};
/* End XCBuildConfiguration section */

/* Begin XCConfigurationList section */
		2ECD3DA2295108CB005BD058 /* Build configuration list for PBXProject "bitrise demo" */ = {
			isa = XCConfigurationList;
			buildConfigurations = (
				2ECD3DCF295108CC005BD058 /* Debug */,
				2ECD3DD0295108CC005BD058 /* Release */,
			);
			defaultConfigurationIsVisible = 0;
			defaultConfigurationName = Release;
		};
		2ECD3DD1295108CC005BD058 /* Build configuration list for PBXNativeTarget "bitrise demo" */ = {
			isa = XCConfigurationList;
			buildConfigurations = (
				2ECD3DD2295108CC005BD058 /* Debug */,
				2ECD3DD3295108CC005BD058 /* Release */,
			);
			defaultConfigurationIsVisible = 0;
			defaultConfigurationName = Release;
		};
		2ECD3DD4295108CC005BD058 /* Build configuration list for PBXNativeTarget "bitrise demoTests" */ = {
			isa = XCConfigurationList;
			buildConfigurations = (
				2ECD3DD5295108CC005BD058 /* Debug */,
				2ECD3DD6295108CC005BD058 /* Release */,
			);
			defaultConfigurationIsVisible = 0;
			defaultConfigurationName = Release;
		};
		2ECD3DD7295108CC005BD058 /* Build configuration list for PBXNativeTarget "bitrise demoUITests" */ = {
			isa = XCConfigurationList;
			buildConfigurations = (
				2ECD3DD8295108CC005BD058 /* Debug */,
				2ECD3DD9295108CC005BD058 /* Release */,
			);
			defaultConfigurationIsVisible = 0;
			defaultConfigurationName = Release;
		};
/* End XCConfigurationList section */
	};
	rootObject = 2ECD3D9F295108CB005BD058 /* Project object */;
}
